
Microsoft Visual Studio Solution File, Format Version 12.00
# Visual Studio Version 16
VisualStudioVersion = 16.0.31019.35
MinimumVisualStudioVersion = 10.0.40219.1
Project("{FAE04EC0-301F-11D3-BF4B-00C04F79EFBC}") = "TestAppUsingTestClassLibraryReturnValue-NUPKG", "TestAppUsingTestClassLibraryReturnValue-NUPKG\TestAppUsingTestClassLibraryReturnValue-NUPKG.csproj", "{5A5EE9A6-8A9D-4FCB-AE09-029811CD449B}"
EndProject
Global
	GlobalSection(SolutionConfigurationPlatforms) = preSolution
		Debug|Any CPU = Debug|Any CPU
		Release|Any CPU = Release|Any CPU
	EndGlobalSection
	GlobalSection(ProjectConfigurationPlatforms) = postSolution
		{5A5EE9A6-8A9D-4FCB-AE09-029811CD449B}.Debug|Any CPU.ActiveCfg = Debug|Any CPU
		{5A5EE9A6-8A9D-4FCB-AE09-029811CD449B}.Debug|Any CPU.Build.0 = Debug|Any CPU
		{5A5EE9A6-8A9D-4FCB-AE09-029811CD449B}.Release|Any CPU.ActiveCfg = Release|Any CPU
		{5A5EE9A6-8A9D-4FCB-AE09-029811CD449B}.Release|Any CPU.Build.0 = Release|Any CPU
	EndGlobalSection
	GlobalSection(SolutionProperties) = preSolution
		HideSolutionNode = FALSE
	EndGlobalSection
	GlobalSection(ExtensibilityGlobals) = postSolution
		SolutionGuid = {BD26612A-5FCA-4C44-95A0-DD9F60C1288E}
	EndGlobalSection
EndGlobal
